// !$*UTF8*$!
{
	archiveVersion = 1;
	classes = {
	};
	objectVersion = 46;
	objects = {

/* Begin PBXBuildFile section */
		41EE295D1D0B0F8B0009E3BA /* AppDelegate.swift in Sources */ = {isa = PBXBuildFile; fileRef = 41EE295C1D0B0F8B0009E3BA /* AppDelegate.swift */; };
		41EE295F1D0B0F8B0009E3BA /* ViewController.swift in Sources */ = {isa = PBXBuildFile; fileRef = 41EE295E1D0B0F8B0009E3BA /* ViewController.swift */; };
		41EE29621D0B0F8B0009E3BA /* Main.storyboard in Resources */ = {isa = PBXBuildFile; fileRef = 41EE29601D0B0F8B0009E3BA /* Main.storyboard */; };
		41EE29641D0B0F8B0009E3BA /* Assets.xcassets in Resources */ = {isa = PBXBuildFile; fileRef = 41EE29631D0B0F8B0009E3BA /* Assets.xcassets */; };
		41EE29671D0B0F8B0009E3BA /* LaunchScreen.storyboard in Resources */ = {isa = PBXBuildFile; fileRef = 41EE29651D0B0F8B0009E3BA /* LaunchScreen.storyboard */; };
/* End PBXBuildFile section */

/* Begin PBXFileReference section */
		41EE29591D0B0F8B0009E3BA /* Nearby.app */ = {isa = PBXFileReference; explicitFileType = wrapper.application; includeInIndex = 0; path = Nearby.app; sourceTree = BUILT_PRODUCTS_DIR; };
		41EE295C1D0B0F8B0009E3BA /* AppDelegate.swift */ = {isa = PBXFileReference; lastKnownFileType = sourcecode.swift; path = AppDelegate.swift; sourceTree = "<group>"; };
		41EE295E1D0B0F8B0009E3BA /* ViewController.swift */ = {isa = PBXFileReference; lastKnownFileType = sourcecode.swift; path = ViewController.swift; sourceTree = "<group>"; };
		41EE29611D0B0F8B0009E3BA /* Base */ = {isa = PBXFileReference; lastKnownFileType = file.storyboard; name = Base; path = Base.lproj/Main.storyboard; sourceTree = "<group>"; };
		41EE29631D0B0F8B0009E3BA /* Assets.xcassets */ = {isa = PBXFileReference; lastKnownFileType = folder.assetcatalog; path = Assets.xcassets; sourceTree = "<group>"; };
		41EE29661D0B0F8B0009E3BA /* Base */ = {isa = PBXFileReference; lastKnownFileType = file.storyboard; name = Base; path = Base.lproj/LaunchScreen.storyboard; sourceTree = "<group>"; };
		41EE29681D0B0F8B0009E3BA /* Info.plist */ = {isa = PBXFileReference; lastKnownFileType = text.plist.xml; path = Info.plist; sourceTree = "<group>"; };
/* End PBXFileReference section */

/* Begin PBXFrameworksBuildPhase section */
		41EE29561D0B0F8B0009E3BA /* Frameworks */ = {
			isa = PBXFrameworksBuildPhase;
			buildActionMask = 2147483647;
			files = (
			);
			runOnlyForDeploymentPostprocessing = 0;
		};
/* End PBXFrameworksBuildPhase section */

/* Begin PBXGroup section */
		41EE29501D0B0F8B0009E3BA = {
			isa = PBXGroup;
			children = (
				41EE295B1D0B0F8B0009E3BA /* Nearby */,
				41EE295A1D0B0F8B0009E3BA /* Products */,
			);
			sourceTree = "<group>";
		};
		41EE295A1D0B0F8B0009E3BA /* Products */ = {
			isa = PBXGroup;
			children = (
				41EE29591D0B0F8B0009E3BA /* Nearby.app */,
			);
			name = Products;
			sourceTree = "<group>";
		};
		41EE295B1D0B0F8B0009E3BA /* Nearby */ = {
			isa = PBXGroup;
			children = (
				41EE29721D0B0FB00009E3BA /* Model */,
				41EE29711D0B0FAA0009E3BA /* View */,
				41EE29701D0B0FA40009E3BA /* Controller */,
				41EE296F1D0B0F9C0009E3BA /* Resources */,
				41EE296E1D0B0F930009E3BA /* Supporting Files */,
			);
			path = Nearby;
			sourceTree = "<group>";
		};
		41EE296E1D0B0F930009E3BA /* Supporting Files */ = {
			isa = PBXGroup;
			children = (
				41EE295C1D0B0F8B0009E3BA /* AppDelegate.swift */,
				41EE29681D0B0F8B0009E3BA /* Info.plist */,
			);
			name = "Supporting Files";
			sourceTree = "<group>";
		};
		41EE296F1D0B0F9C0009E3BA /* Resources */ = {
			isa = PBXGroup;
			children = (
				41EE29631D0B0F8B0009E3BA /* Assets.xcassets */,
			);
			name = Resources;
			sourceTree = "<group>";
		};
		41EE29701D0B0FA40009E3BA /* Controller */ = {
			isa = PBXGroup;
			children = (
				41EE295E1D0B0F8B0009E3BA /* ViewController.swift */,
			);
			name = Controller;
			sourceTree = "<group>";
		};
		41EE29711D0B0FAA0009E3BA /* View */ = {
			isa = PBXGroup;
			children = (
				41EE29601D0B0F8B0009E3BA /* Main.storyboard */,
				41EE29651D0B0F8B0009E3BA /* LaunchScreen.storyboard */,
			);
			name = View;
			sourceTree = "<group>";
		};
		41EE29721D0B0FB00009E3BA /* Model */ = {
			isa = PBXGroup;
			children = (
			);
			name = Model;
			sourceTree = "<group>";
		};
/* End PBXGroup section */

/* Begin PBXNativeTarget section */
		41EE29581D0B0F8B0009E3BA /* Nearby */ = {
			isa = PBXNativeTarget;
			buildConfigurationList = 41EE296B1D0B0F8B0009E3BA /* Build configuration list for PBXNativeTarget "Nearby" */;
			buildPhases = (
				41EE29551D0B0F8B0009E3BA /* Sources */,
				41EE29561D0B0F8B0009E3BA /* Frameworks */,
				41EE29571D0B0F8B0009E3BA /* Resources */,
			);
			buildRules = (
			);
			dependencies = (
			);
			name = Nearby;
			productName = Nearby;
			productReference = 41EE29591D0B0F8B0009E3BA /* Nearby.app */;
			productType = "com.apple.product-type.application";
		};
/* End PBXNativeTarget section */

/* Begin PBXProject section */
		41EE29511D0B0F8B0009E3BA /* Project object */ = {
			isa = PBXProject;
			attributes = {
				LastSwiftUpdateCheck = 0730;
				LastUpgradeCheck = 0730;
				ORGANIZATIONNAME = "Muhammad Moaz";
				TargetAttributes = {
					41EE29581D0B0F8B0009E3BA = {
						CreatedOnToolsVersion = 7.3.1;
					};
				};
			};
			buildConfigurationList = 41EE29541D0B0F8B0009E3BA /* Build configuration list for PBXProject "Nearby" */;
			compatibilityVersion = "Xcode 3.2";
			developmentRegion = English;
			hasScannedForEncodings = 0;
			knownRegions = (
				en,
				Base,
			);
			mainGroup = 41EE29501D0B0F8B0009E3BA;
			productRefGroup = 41EE295A1D0B0F8B0009E3BA /* Products */;
			projectDirPath = "";
			projectRoot = "";
			targets = (
				41EE29581D0B0F8B0009E3BA /* Nearby */,
			);
		};
/* End PBXProject section */

/* Begin PBXResourcesBuildPhase section */
		41EE29571D0B0F8B0009E3BA /* Resources */ = {
			isa = PBXResourcesBuildPhase;
			buildActionMask = 2147483647;
			files = (
				41EE29671D0B0F8B0009E3BA /* LaunchScreen.storyboard in Resources */,
				41EE29641D0B0F8B0009E3BA /* Assets.xcassets in Resources */,
				41EE29621D0B0F8B0009E3BA /* Main.storyboard in Resources */,
			);
			runOnlyForDeploymentPostprocessing = 0;
		};
/* End PBXResourcesBuildPhase section */

/* Begin PBXSourcesBuildPhase section */
		41EE29551D0B0F8B0009E3BA /* Sources */ = {
			isa = PBXSourcesBuildPhase;
			buildActionMask = 2147483647;
			files = (
				41EE295F1D0B0F8B0009E3BA /* ViewController.swift in Sources */,
				41EE295D1D0B0F8B0009E3BA /* AppDelegate.swift in Sources */,
			);
			runOnlyForDeploymentPostprocessing = 0;
		};
/* End PBXSourcesBuildPhase section */

/* Begin PBXVariantGroup section */
		41EE29601D0B0F8B0009E3BA /* Main.storyboard */ = {
			isa = PBXVariantGroup;
			children = (
				41EE29611D0B0F8B0009E3BA /* Base */,
			);
			name = Main.storyboard;
			sourceTree = "<group>";
		};
		41EE29651D0B0F8B0009E3BA /* LaunchScreen.storyboard */ = {
			isa = PBXVariantGroup;
			children = (
				41EE29661D0B0F8B0009E3BA /* Base */,
			);
			name = LaunchScreen.storyboard;
			sourceTree = "<group>";
		};
/* End PBXVariantGroup section */

/* Begin XCBuildConfiguration section */
		41EE29691D0B0F8B0009E3BA /* Debug */ = {
			isa = XCBuildConfiguration;
			buildSettings = {
				ALWAYS_SEARCH_USER_PATHS = NO;
				CLANG_ANALYZER_NONNULL = YES;
				CLANG_CXX_LANGUAGE_STANDARD = "gnu++0x";
				CLANG_CXX_LIBRARY = "libc++";
				CLANG_ENABLE_MODULES = YES;
				CLANG_ENABLE_OBJC_ARC = YES;
				CLANG_WARN_BOOL_CONVERSION = YES;
				CLANG_WARN_CONSTANT_CONVERSION = YES;
				CLANG_WARN_DIRECT_OBJC_ISA_USAGE = YES_ERROR;
				CLANG_WARN_EMPTY_BODY = YES;
				CLANG_WARN_ENUM_CONVERSION = YES;
				CLANG_WARN_INT_CONVERSION = YES;
				CLANG_WARN_OBJC_ROOT_CLASS = YES_ERROR;
				CLANG_WARN_UNREACHABLE_CODE = YES;
				CLANG_WARN__DUPLICATE_METHOD_MATCH = YES;
				"CODE_SIGN_IDENTITY[sdk=iphoneos*]" = "iPhone Developer";
				COPY_PHASE_STRIP = NO;
				DEBUG_INFORMATION_FORMAT = dwarf;
				ENABLE_STRICT_OBJC_MSGSEND = YES;
				ENABLE_TESTABILITY = YES;
				GCC_C_LANGUAGE_STANDARD = gnu99;
				GCC_DYNAMIC_NO_PIC = NO;
				GCC_NO_COMMON_BLOCKS = YES;
				GCC_OPTIMIZATION_LEVEL = 0;
				GCC_PREPROCESSOR_DEFINITIONS = (
					"DEBUG=1",
					"$(inherited)",
				);
				GCC_WARN_64_TO_32_BIT_CONVERSION = YES;
				GCC_WARN_ABOUT_RETURN_TYPE = YES_ERROR;
				GCC_WARN_UNDECLARED_SELECTOR = YES;
				GCC_WARN_UNINITIALIZED_AUTOS = YES_AGGRESSIVE;
				GCC_WARN_UNUSED_FUNCTION = YES;
				GCC_WARN_UNUSED_VARIABLE = YES;
				IPHONEOS_DEPLOYMENT_TARGET = 9.3;
				MTL_ENABLE_DEBUG_INFO = YES;
				ONLY_ACTIVE_ARCH = YES;
				SDKROOT = iphoneos;
				SWIFT_OPTIMIZATION_LEVEL = "-Onone";
			};
			name = Debug;
		};
		41EE296A1D0B0F8B0009E3BA /* Release */ = {
			isa = XCBuildConfiguration;
			buildSettings = {
				ALWAYS_SEARCH_USER_PATHS = NO;
				CLANG_ANALYZER_NONNULL = YES;
				CLANG_CXX_LANGUAGE_STANDARD = "gnu++0x";
				CLANG_CXX_LIBRARY = "libc++";
				CLANG_ENABLE_MODULES = YES;
				CLANG_ENABLE_OBJC_ARC = YES;
				CLANG_WARN_BOOL_CONVERSION = YES;
				CLANG_WARN_CONSTANT_CONVERSION = YES;
				CLANG_WARN_DIRECT_OBJC_ISA_USAGE = YES_ERROR;
				CLANG_WARN_EMPTY_BODY = YES;
				CLANG_WARN_ENUM_CONVERSION = YES;
				CLANG_WARN_INT_CONVERSION = YES;
				CLANG_WARN_OBJC_ROOT_CLASS = YES_ERROR;
				CLANG_WARN_UNREACHABLE_CODE = YES;
				CLANG_WARN__DUPLICATE_METHOD_MATCH = YES;
				"CODE_SIGN_IDENTITY[sdk=iphoneos*]" = "iPhone Developer";
				COPY_PHASE_STRIP = NO;
				DEBUG_INFORMATION_FORMAT = "dwarf-with-dsym";
				ENABLE_NS_ASSERTIONS = NO;
				ENABLE_STRICT_OBJC_MSGSEND = YES;
				GCC_C_LANGUAGE_STANDARD = gnu99;
				GCC_NO_COMMON_BLOCKS = YES;
				GCC_WARN_64_TO_32_BIT_CONVERSION = YES;
				GCC_WARN_ABOUT_RETURN_TYPE = YES_ERROR;
				GCC_WARN_UNDECLARED_SELECTOR = YES;
				GCC_WARN_UNINITIALIZED_AUTOS = YES_AGGRESSIVE;
				GCC_WARN_UNUSED_FUNCTION = YES;
				GCC_WARN_UNUSED_VARIABLE = YES;
				IPHONEOS_DEPLOYMENT_TARGET = 9.3;
				MTL_ENABLE_DEBUG_INFO = NO;
				SDKROOT = iphoneos;
				VALIDATE_PRODUCT = YES;
			};
			name = Release;
		};
		41EE296C1D0B0F8B0009E3BA /* Debug */ = {
			isa = XCBuildConfiguration;
			buildSettings = {
				ASSETCATALOG_COMPILER_APPICON_NAME = AppIcon;
				INFOPLIST_FILE = Nearby/Info.plist;
				LD_RUNPATH_SEARCH_PATHS = "$(inherited) @executable_path/Frameworks";
				PRODUCT_BUNDLE_IDENTIFIER = com.moaz.Nearby;
				PRODUCT_NAME = "$(TARGET_NAME)";
			};
			name = Debug;
		};
		41EE296D1D0B0F8B0009E3BA /* Release */ = {
			isa = XCBuildConfiguration;
			buildSettings = {
				ASSETCATALOG_COMPILER_APPICON_NAME = AppIcon;
				INFOPLIST_FILE = Nearby/Info.plist;
				LD_RUNPATH_SEARCH_PATHS = "$(inherited) @executable_path/Frameworks";
				PRODUCT_BUNDLE_IDENTIFIER = com.moaz.Nearby;
				PRODUCT_NAME = "$(TARGET_NAME)";
			};
			name = Release;
		};
/* End XCBuildConfiguration section */

/* Begin XCConfigurationList section */
		41EE29541D0B0F8B0009E3BA /* Build configuration list for PBXProject "Nearby" */ = {
			isa = XCConfigurationList;
			buildConfigurations = (
				41EE29691D0B0F8B0009E3BA /* Debug */,
				41EE296A1D0B0F8B0009E3BA /* Release */,
			);
			defaultConfigurationIsVisible = 0;
			defaultConfigurationName = Release;
		};
		41EE296B1D0B0F8B0009E3BA /* Build configuration list for PBXNativeTarget "Nearby" */ = {
			isa = XCConfigurationList;
			buildConfigurations = (
				41EE296C1D0B0F8B0009E3BA /* Debug */,
				41EE296D1D0B0F8B0009E3BA /* Release */,
			);
			defaultConfigurationIsVisible = 0;
		};
/* End XCConfigurationList section */
	};
	rootObject = 41EE29511D0B0F8B0009E3BA /* Project object */;
}
